
Microsoft Visual Studio Solution File, Format Version 12.00
# Visual Studio Version 16
VisualStudioVersion = 16.0.30804.86
MinimumVisualStudioVersion = 10.0.40219.1
Project("{8BC9CEB8-8B4A-11D0-8D11-00A0C91BC942}") = "SpaceInvaders", "SpaceInvaders\SpaceInvaders.vcxproj", "{78AD7C03-E58A-4365-9F91-D0F96D77CEED}"
EndProject
Global
	GlobalSection(SolutionConfigurationPlatforms) = preSolution
		Debug|x64 = Debug|x64
		Debug|x86 = Debug|x86
		Release|x64 = Release|x64
		Release|x86 = Release|x86
	EndGlobalSection
	GlobalSection(ProjectConfigurationPlatforms) = postSolution
		{78AD7C03-E58A-4365-9F91-D0F96D77CEED}.Debug|x64.ActiveCfg = Debug|x64
		{78AD7C03-E58A-4365-9F91-D0F96D77CEED}.Debug|x64.Build.0 = Debug|x64
		{78AD7C03-E58A-4365-9F91-D0F96D77CEED}.Debug|x86.ActiveCfg = Debug|Win32
		{78AD7C03-E58A-4365-9F91-D0F96D77CEED}.Debug|x86.Build.0 = Debug|Win32
		{78AD7C03-E58A-4365-9F91-D0F96D77CEED}.Release|x64.ActiveCfg = Release|x64
		{78AD7C03-E58A-4365-9F91-D0F96D77CEED}.Release|x64.Build.0 = Release|x64
		{78AD7C03-E58A-4365-9F91-D0F96D77CEED}.Release|x86.ActiveCfg = Release|Win32
		{78AD7C03-E58A-4365-9F91-D0F96D77CEED}.Release|x86.Build.0 = Release|Win32
	EndGlobalSection
	GlobalSection(SolutionProperties) = preSolution
		HideSolutionNode = FALSE
	EndGlobalSection
	GlobalSection(ExtensibilityGlobals) = postSolution
		SolutionGuid = {CE435A35-9D61-4F83-BCD4-5C6EF7565058}
	EndGlobalSection
EndGlobal
